// !$*UTF8*$!
{
	archiveVersion = 1;
	classes = {
	};
	objectVersion = 46;
	objects = {

/* Begin PBXBuildFile section */
		8AA4D9241D51F81E003FE028 /* AFHTTPSessionManager.m in Sources */ = {isa = PBXBuildFile; fileRef = 8AA4D9181D51F81E003FE028 /* AFHTTPSessionManager.m */; };
		8AA4D9251D51F81E003FE028 /* AFNetworkReachabilityManager.m in Sources */ = {isa = PBXBuildFile; fileRef = 8AA4D91B1D51F81E003FE028 /* AFNetworkReachabilityManager.m */; };
		8AA4D9261D51F81E003FE028 /* AFSecurityPolicy.m in Sources */ = {isa = PBXBuildFile; fileRef = 8AA4D91D1D51F81E003FE028 /* AFSecurityPolicy.m */; };
		8AA4D9271D51F81E003FE028 /* AFURLRequestSerialization.m in Sources */ = {isa = PBXBuildFile; fileRef = 8AA4D91F1D51F81E003FE028 /* AFURLRequestSerialization.m */; };
		8AA4D9281D51F81E003FE028 /* AFURLResponseSerialization.m in Sources */ = {isa = PBXBuildFile; fileRef = 8AA4D9211D51F81E003FE028 /* AFURLResponseSerialization.m */; };
		8AA4D9291D51F81E003FE028 /* AFURLSessionManager.m in Sources */ = {isa = PBXBuildFile; fileRef = 8AA4D9231D51F81E003FE028 /* AFURLSessionManager.m */; };
		8AA4D93B1D51F860003FE028 /* HXAppInformation.m in Sources */ = {isa = PBXBuildFile; fileRef = 8AA4D92D1D51F860003FE028 /* HXAppInformation.m */; };
		8AA4D93C1D51F860003FE028 /* HXHttpResInterFace.m in Sources */ = {isa = PBXBuildFile; fileRef = 8AA4D9301D51F860003FE028 /* HXHttpResInterFace.m */; };
		8AA4D93D1D51F860003FE028 /* HXApiManager.m in Sources */ = {isa = PBXBuildFile; fileRef = 8AA4D9331D51F860003FE028 /* HXApiManager.m */; };
		8AA4D93E1D51F860003FE028 /* HXUrlService.m in Sources */ = {isa = PBXBuildFile; fileRef = 8AA4D9351D51F860003FE028 /* HXUrlService.m */; };
		8AA4D93F1D51F860003FE028 /* HXParamsSignature.m in Sources */ = {isa = PBXBuildFile; fileRef = 8AA4D9381D51F860003FE028 /* HXParamsSignature.m */; };
		8AA4D9401D51F860003FE028 /* HXResponsResult.m in Sources */ = {isa = PBXBuildFile; fileRef = 8AA4D93A1D51F860003FE028 /* HXResponsResult.m */; };
		8AB1E2071D378EC5006DF1DC /* ViewController.m in Sources */ = {isa = PBXBuildFile; fileRef = 8AB1E2061D378EC5006DF1DC /* ViewController.m */; };
		8AB1E2311D37A253006DF1DC /* HXViewController_home.m in Sources */ = {isa = PBXBuildFile; fileRef = 8AB1E22B1D37A253006DF1DC /* HXViewController_home.m */; };
		8AB1E2321D37A253006DF1DC /* HXMaker_home.m in Sources */ = {isa = PBXBuildFile; fileRef = 8AB1E22E1D37A253006DF1DC /* HXMaker_home.m */; };
		8AB1E2351D37A27C006DF1DC /* HXTransformer+HomePage.m in Sources */ = {isa = PBXBuildFile; fileRef = 8AB1E2341D37A27C006DF1DC /* HXTransformer+HomePage.m */; };
		8AB1E2401D37A56A006DF1DC /* AppDelegate.m in Sources */ = {isa = PBXBuildFile; fileRef = 8AB1E2381D37A56A006DF1DC /* AppDelegate.m */; };
		8AB1E2411D37A56A006DF1DC /* Assets.xcassets in Resources */ = {isa = PBXBuildFile; fileRef = 8AB1E2391D37A56A006DF1DC /* Assets.xcassets */; };
		8AB1E2421D37A56A006DF1DC /* LaunchScreen.storyboard in Resources */ = {isa = PBXBuildFile; fileRef = 8AB1E23A1D37A56A006DF1DC /* LaunchScreen.storyboard */; };
		8AB1E2431D37A56A006DF1DC /* Main.storyboard in Resources */ = {isa = PBXBuildFile; fileRef = 8AB1E23C1D37A56A006DF1DC /* Main.storyboard */; };
		8AB1E2441D37A56A006DF1DC /* Info.plist in Resources */ = {isa = PBXBuildFile; fileRef = 8AB1E23E1D37A56A006DF1DC /* Info.plist */; };
		8AB1E2451D37A56A006DF1DC /* main.m in Sources */ = {isa = PBXBuildFile; fileRef = 8AB1E23F1D37A56A006DF1DC /* main.m */; };
		8AB1E2491D37A5CC006DF1DC /* HXTransformer.m in Sources */ = {isa = PBXBuildFile; fileRef = 8AB1E2481D37A5CC006DF1DC /* HXTransformer.m */; };
		8AB54AFD1D92365A00D1BDE0 /* BTDeviceInfo.m in Sources */ = {isa = PBXBuildFile; fileRef = 8AB54AFC1D92365A00D1BDE0 /* BTDeviceInfo.m */; };
		8AB54B081D92369D00D1BDE0 /* Reachability.m in Sources */ = {isa = PBXBuildFile; fileRef = 8AB54B051D92369D00D1BDE0 /* Reachability.m */; };
		8AB54B0A1D92384F00D1BDE0 /* SystemConfiguration.framework in Frameworks */ = {isa = PBXBuildFile; fileRef = 8AB54B091D92384F00D1BDE0 /* SystemConfiguration.framework */; };
		8AB54B0C1D92386300D1BDE0 /* CoreTelephony.framework in Frameworks */ = {isa = PBXBuildFile; fileRef = 8AB54B0B1D92386300D1BDE0 /* CoreTelephony.framework */; };
		8AB54B0E1D9238C100D1BDE0 /* Security.framework in Frameworks */ = {isa = PBXBuildFile; fileRef = 8AB54B0D1D9238C100D1BDE0 /* Security.framework */; };
/* End PBXBuildFile section */

/* Begin PBXFileReference section */
		8AA4D9171D51F81E003FE028 /* AFHTTPSessionManager.h */ = {isa = PBXFileReference; fileEncoding = 4; lastKnownFileType = sourcecode.c.h; path = AFHTTPSessionManager.h; sourceTree = "<group>"; };
		8AA4D9181D51F81E003FE028 /* AFHTTPSessionManager.m */ = {isa = PBXFileReference; fileEncoding = 4; lastKnownFileType = sourcecode.c.objc; path = AFHTTPSessionManager.m; sourceTree = "<group>"; };
		8AA4D9191D51F81E003FE028 /* AFNetworking.h */ = {isa = PBXFileReference; fileEncoding = 4; lastKnownFileType = sourcecode.c.h; path = AFNetworking.h; sourceTree = "<group>"; };
		8AA4D91A1D51F81E003FE028 /* AFNetworkReachabilityManager.h */ = {isa = PBXFileReference; fileEncoding = 4; lastKnownFileType = sourcecode.c.h; path = AFNetworkReachabilityManager.h; sourceTree = "<group>"; };
		8AA4D91B1D51F81E003FE028 /* AFNetworkReachabilityManager.m */ = {isa = PBXFileReference; fileEncoding = 4; lastKnownFileType = sourcecode.c.objc; path = AFNetworkReachabilityManager.m; sourceTree = "<group>"; };
		8AA4D91C1D51F81E003FE028 /* AFSecurityPolicy.h */ = {isa = PBXFileReference; fileEncoding = 4; lastKnownFileType = sourcecode.c.h; path = AFSecurityPolicy.h; sourceTree = "<group>"; };
		8AA4D91D1D51F81E003FE028 /* AFSecurityPolicy.m */ = {isa = PBXFileReference; fileEncoding = 4; lastKnownFileType = sourcecode.c.objc; path = AFSecurityPolicy.m; sourceTree = "<group>"; };
		8AA4D91E1D51F81E003FE028 /* AFURLRequestSerialization.h */ = {isa = PBXFileReference; fileEncoding = 4; lastKnownFileType = sourcecode.c.h; path = AFURLRequestSerialization.h; sourceTree = "<group>"; };
		8AA4D91F1D51F81E003FE028 /* AFURLRequestSerialization.m */ = {isa = PBXFileReference; fileEncoding = 4; lastKnownFileType = sourcecode.c.objc; path = AFURLRequestSerialization.m; sourceTree = "<group>"; };
		8AA4D9201D51F81E003FE028 /* AFURLResponseSerialization.h */ = {isa = PBXFileReference; fileEncoding = 4; lastKnownFileType = sourcecode.c.h; path = AFURLResponseSerialization.h; sourceTree = "<group>"; };
		8AA4D9211D51F81E003FE028 /* AFURLResponseSerialization.m */ = {isa = PBXFileReference; fileEncoding = 4; lastKnownFileType = sourcecode.c.objc; path = AFURLResponseSerialization.m; sourceTree = "<group>"; };
		8AA4D9221D51F81E003FE028 /* AFURLSessionManager.h */ = {isa = PBXFileReference; fileEncoding = 4; lastKnownFileType = sourcecode.c.h; path = AFURLSessionManager.h; sourceTree = "<group>"; };
		8AA4D9231D51F81E003FE028 /* AFURLSessionManager.m */ = {isa = PBXFileReference; fileEncoding = 4; lastKnownFileType = sourcecode.c.objc; path = AFURLSessionManager.m; sourceTree = "<group>"; };
		8AA4D92C1D51F860003FE028 /* HXAppInformation.h */ = {isa = PBXFileReference; fileEncoding = 4; lastKnownFileType = sourcecode.c.h; path = HXAppInformation.h; sourceTree = "<group>"; };
		8AA4D92D1D51F860003FE028 /* HXAppInformation.m */ = {isa = PBXFileReference; fileEncoding = 4; lastKnownFileType = sourcecode.c.objc; path = HXAppInformation.m; sourceTree = "<group>"; };
		8AA4D92F1D51F860003FE028 /* HXHttpResInterFace.h */ = {isa = PBXFileReference; fileEncoding = 4; lastKnownFileType = sourcecode.c.h; path = HXHttpResInterFace.h; sourceTree = "<group>"; };
		8AA4D9301D51F860003FE028 /* HXHttpResInterFace.m */ = {isa = PBXFileReference; fileEncoding = 4; lastKnownFileType = sourcecode.c.objc; path = HXHttpResInterFace.m; sourceTree = "<group>"; };
		8AA4D9321D51F860003FE028 /* HXApiManager.h */ = {isa = PBXFileReference; fileEncoding = 4; lastKnownFileType = sourcecode.c.h; path = HXApiManager.h; sourceTree = "<group>"; };
		8AA4D9331D51F860003FE028 /* HXApiManager.m */ = {isa = PBXFileReference; fileEncoding = 4; lastKnownFileType = sourcecode.c.objc; path = HXApiManager.m; sourceTree = "<group>"; };
		8AA4D9341D51F860003FE028 /* HXUrlService.h */ = {isa = PBXFileReference; fileEncoding = 4; lastKnownFileType = sourcecode.c.h; path = HXUrlService.h; sourceTree = "<group>"; };
		8AA4D9351D51F860003FE028 /* HXUrlService.m */ = {isa = PBXFileReference; fileEncoding = 4; lastKnownFileType = sourcecode.c.objc; path = HXUrlService.m; sourceTree = "<group>"; };
		8AA4D9371D51F860003FE028 /* HXParamsSignature.h */ = {isa = PBXFileReference; fileEncoding = 4; lastKnownFileType = sourcecode.c.h; path = HXParamsSignature.h; sourceTree = "<group>"; };
		8AA4D9381D51F860003FE028 /* HXParamsSignature.m */ = {isa = PBXFileReference; fileEncoding = 4; lastKnownFileType = sourcecode.c.objc; path = HXParamsSignature.m; sourceTree = "<group>"; };
		8AA4D9391D51F860003FE028 /* HXResponsResult.h */ = {isa = PBXFileReference; fileEncoding = 4; lastKnownFileType = sourcecode.c.h; path = HXResponsResult.h; sourceTree = "<group>"; };
		8AA4D93A1D51F860003FE028 /* HXResponsResult.m */ = {isa = PBXFileReference; fileEncoding = 4; lastKnownFileType = sourcecode.c.objc; path = HXResponsResult.m; sourceTree = "<group>"; };
		8AB1E1FC1D378EC5006DF1DC /* HXTransformer.app */ = {isa = PBXFileReference; explicitFileType = wrapper.application; includeInIndex = 0; path = HXTransformer.app; sourceTree = BUILT_PRODUCTS_DIR; };
		8AB1E2051D378EC5006DF1DC /* ViewController.h */ = {isa = PBXFileReference; lastKnownFileType = sourcecode.c.h; path = ViewController.h; sourceTree = "<group>"; };
		8AB1E2061D378EC5006DF1DC /* ViewController.m */ = {isa = PBXFileReference; lastKnownFileType = sourcecode.c.objc; path = ViewController.m; sourceTree = "<group>"; };
		8AB1E22A1D37A253006DF1DC /* HXViewController_home.h */ = {isa = PBXFileReference; fileEncoding = 4; lastKnownFileType = sourcecode.c.h; path = HXViewController_home.h; sourceTree = "<group>"; };
		8AB1E22B1D37A253006DF1DC /* HXViewController_home.m */ = {isa = PBXFileReference; fileEncoding = 4; lastKnownFileType = sourcecode.c.objc; path = HXViewController_home.m; sourceTree = "<group>"; };
		8AB1E22D1D37A253006DF1DC /* HXMaker_home.h */ = {isa = PBXFileReference; fileEncoding = 4; lastKnownFileType = sourcecode.c.h; path = HXMaker_home.h; sourceTree = "<group>"; };
		8AB1E22E1D37A253006DF1DC /* HXMaker_home.m */ = {isa = PBXFileReference; fileEncoding = 4; lastKnownFileType = sourcecode.c.objc; path = HXMaker_home.m; sourceTree = "<group>"; };
		8AB1E2331D37A27C006DF1DC /* HXTransformer+HomePage.h */ = {isa = PBXFileReference; fileEncoding = 4; lastKnownFileType = sourcecode.c.h; path = "HXTransformer+HomePage.h"; sourceTree = "<group>"; };
		8AB1E2341D37A27C006DF1DC /* HXTransformer+HomePage.m */ = {isa = PBXFileReference; fileEncoding = 4; lastKnownFileType = sourcecode.c.objc; path = "HXTransformer+HomePage.m"; sourceTree = "<group>"; };
		8AB1E2371D37A56A006DF1DC /* AppDelegate.h */ = {isa = PBXFileReference; fileEncoding = 4; lastKnownFileType = sourcecode.c.h; path = AppDelegate.h; sourceTree = "<group>"; };
		8AB1E2381D37A56A006DF1DC /* AppDelegate.m */ = {isa = PBXFileReference; fileEncoding = 4; lastKnownFileType = sourcecode.c.objc; path = AppDelegate.m; sourceTree = "<group>"; };
		8AB1E2391D37A56A006DF1DC /* Assets.xcassets */ = {isa = PBXFileReference; lastKnownFileType = folder.assetcatalog; path = Assets.xcassets; sourceTree = "<group>"; };
		8AB1E23B1D37A56A006DF1DC /* Base */ = {isa = PBXFileReference; lastKnownFileType = file.storyboard; name = Base; path = Base.lproj/LaunchScreen.storyboard; sourceTree = "<group>"; };
		8AB1E23D1D37A56A006DF1DC /* Base */ = {isa = PBXFileReference; lastKnownFileType = file.storyboard; name = Base; path = Base.lproj/Main.storyboard; sourceTree = "<group>"; };
		8AB1E23E1D37A56A006DF1DC /* Info.plist */ = {isa = PBXFileReference; fileEncoding = 4; lastKnownFileType = text.plist.xml; path = Info.plist; sourceTree = "<group>"; };
		8AB1E23F1D37A56A006DF1DC /* main.m */ = {isa = PBXFileReference; fileEncoding = 4; lastKnownFileType = sourcecode.c.objc; path = main.m; sourceTree = "<group>"; };
		8AB1E2471D37A5CC006DF1DC /* HXTransformer.h */ = {isa = PBXFileReference; fileEncoding = 4; lastKnownFileType = sourcecode.c.h; path = HXTransformer.h; sourceTree = "<group>"; };
		8AB1E2481D37A5CC006DF1DC /* HXTransformer.m */ = {isa = PBXFileReference; fileEncoding = 4; lastKnownFileType = sourcecode.c.objc; path = HXTransformer.m; sourceTree = "<group>"; };
		8AB54AF91D9233C200D1BDE0 /* UsefulDefines.h */ = {isa = PBXFileReference; lastKnownFileType = sourcecode.c.h; path = UsefulDefines.h; sourceTree = "<group>"; };
		8AB54AFB1D92365A00D1BDE0 /* BTDeviceInfo.h */ = {isa = PBXFileReference; fileEncoding = 4; lastKnownFileType = sourcecode.c.h; path = BTDeviceInfo.h; sourceTree = "<group>"; };
		8AB54AFC1D92365A00D1BDE0 /* BTDeviceInfo.m */ = {isa = PBXFileReference; fileEncoding = 4; lastKnownFileType = sourcecode.c.objc; path = BTDeviceInfo.m; sourceTree = "<group>"; };
		8AB54B041D92369D00D1BDE0 /* Reachability.h */ = {isa = PBXFileReference; fileEncoding = 4; lastKnownFileType = sourcecode.c.h; path = Reachability.h; sourceTree = "<group>"; };
		8AB54B051D92369D00D1BDE0 /* Reachability.m */ = {isa = PBXFileReference; fileEncoding = 4; lastKnownFileType = sourcecode.c.objc; path = Reachability.m; sourceTree = "<group>"; };
		8AB54B091D92384F00D1BDE0 /* SystemConfiguration.framework */ = {isa = PBXFileReference; lastKnownFileType = wrapper.framework; name = SystemConfiguration.framework; path = System/Library/Frameworks/SystemConfiguration.framework; sourceTree = SDKROOT; };
		8AB54B0B1D92386300D1BDE0 /* CoreTelephony.framework */ = {isa = PBXFileReference; lastKnownFileType = wrapper.framework; name = CoreTelephony.framework; path = System/Library/Frameworks/CoreTelephony.framework; sourceTree = SDKROOT; };
		8AB54B0D1D9238C100D1BDE0 /* Security.framework */ = {isa = PBXFileReference; lastKnownFileType = wrapper.framework; name = Security.framework; path = System/Library/Frameworks/Security.framework; sourceTree = SDKROOT; };
/* End PBXFileReference section */

/* Begin PBXFrameworksBuildPhase section */
		8AB1E1F91D378EC5006DF1DC /* Frameworks */ = {
			isa = PBXFrameworksBuildPhase;
			buildActionMask = 2147483647;
			files = (
				8AB54B0E1D9238C100D1BDE0 /* Security.framework in Frameworks */,
				8AB54B0C1D92386300D1BDE0 /* CoreTelephony.framework in Frameworks */,
				8AB54B0A1D92384F00D1BDE0 /* SystemConfiguration.framework in Frameworks */,
			);
			runOnlyForDeploymentPostprocessing = 0;
		};
/* End PBXFrameworksBuildPhase section */

/* Begin PBXGroup section */
		8AA4D9161D51F81E003FE028 /* AFNetworking */ = {
			isa = PBXGroup;
			children = (
				8AA4D9171D51F81E003FE028 /* AFHTTPSessionManager.h */,
				8AA4D9181D51F81E003FE028 /* AFHTTPSessionManager.m */,
				8AA4D9191D51F81E003FE028 /* AFNetworking.h */,
				8AA4D91A1D51F81E003FE028 /* AFNetworkReachabilityManager.h */,
				8AA4D91B1D51F81E003FE028 /* AFNetworkReachabilityManager.m */,
				8AA4D91C1D51F81E003FE028 /* AFSecurityPolicy.h */,
				8AA4D91D1D51F81E003FE028 /* AFSecurityPolicy.m */,
				8AA4D91E1D51F81E003FE028 /* AFURLRequestSerialization.h */,
				8AA4D91F1D51F81E003FE028 /* AFURLRequestSerialization.m */,
				8AA4D9201D51F81E003FE028 /* AFURLResponseSerialization.h */,
				8AA4D9211D51F81E003FE028 /* AFURLResponseSerialization.m */,
				8AA4D9221D51F81E003FE028 /* AFURLSessionManager.h */,
				8AA4D9231D51F81E003FE028 /* AFURLSessionManager.m */,
			);
			name = AFNetworking;
			path = HXTransformer/AFNetworking;
			sourceTree = SOURCE_ROOT;
		};
		8AA4D92A1D51F860003FE028 /* NetWorkInterFace */ = {
			isa = PBXGroup;
			children = (
				8AA4D9311D51F860003FE028 /* MainHttpInterface */,
				8AA4D92E1D51F860003FE028 /* InterfaceLayer */,
				8AA4D9361D51F860003FE028 /* NetWorkComponent */,
				8AA4D92B1D51F860003FE028 /* APPInformation */,
			);
			path = NetWorkInterFace;
			sourceTree = "<group>";
		};
		8AA4D92B1D51F860003FE028 /* APPInformation */ = {
			isa = PBXGroup;
			children = (
				8AA4D92C1D51F860003FE028 /* HXAppInformation.h */,
				8AA4D92D1D51F860003FE028 /* HXAppInformation.m */,
			);
			path = APPInformation;
			sourceTree = "<group>";
		};
		8AA4D92E1D51F860003FE028 /* InterfaceLayer */ = {
			isa = PBXGroup;
			children = (
				8AA4D92F1D51F860003FE028 /* HXHttpResInterFace.h */,
				8AA4D9301D51F860003FE028 /* HXHttpResInterFace.m */,
			);
			path = InterfaceLayer;
			sourceTree = "<group>";
		};
		8AA4D9311D51F860003FE028 /* MainHttpInterface */ = {
			isa = PBXGroup;
			children = (
				8AA4D9321D51F860003FE028 /* HXApiManager.h */,
				8AA4D9331D51F860003FE028 /* HXApiManager.m */,
				8AA4D9341D51F860003FE028 /* HXUrlService.h */,
				8AA4D9351D51F860003FE028 /* HXUrlService.m */,
			);
			path = MainHttpInterface;
			sourceTree = "<group>";
		};
		8AA4D9361D51F860003FE028 /* NetWorkComponent */ = {
			isa = PBXGroup;
			children = (
				8AA4D9371D51F860003FE028 /* HXParamsSignature.h */,
				8AA4D9381D51F860003FE028 /* HXParamsSignature.m */,
				8AA4D9391D51F860003FE028 /* HXResponsResult.h */,
				8AA4D93A1D51F860003FE028 /* HXResponsResult.m */,
			);
			path = NetWorkComponent;
			sourceTree = "<group>";
		};
		8AB1E1F31D378EC5006DF1DC = {
			isa = PBXGroup;
			children = (
				8AB54B0D1D9238C100D1BDE0 /* Security.framework */,
				8AB54B0B1D92386300D1BDE0 /* CoreTelephony.framework */,
				8AB54B091D92384F00D1BDE0 /* SystemConfiguration.framework */,
				8AB1E1FE1D378EC5006DF1DC /* HXTransformer */,
				8AB1E1FD1D378EC5006DF1DC /* Products */,
			);
			sourceTree = "<group>";
		};
		8AB1E1FD1D378EC5006DF1DC /* Products */ = {
			isa = PBXGroup;
			children = (
				8AB1E1FC1D378EC5006DF1DC /* HXTransformer.app */,
			);
			name = Products;
			sourceTree = "<group>";
		};
		8AB1E1FE1D378EC5006DF1DC /* HXTransformer */ = {
			isa = PBXGroup;
			children = (
				8AB54AFA1D92365200D1BDE0 /* DeviceInformation */,
				8AB54AF81D92318C00D1BDE0 /* UsefulDefines */,
				8AA4D92A1D51F860003FE028 /* NetWorkInterFace */,
				8AB1E2461D37A5CC006DF1DC /* GobelTransformer */,
				8AB1E21F1D379EA8006DF1DC /* homePage */,
				8AB1E2201D379EA8006DF1DC /* MessagePage */,
				8AB1E2211D379EA8006DF1DC /* MinePage */,
				8AB1E2221D379EA8006DF1DC /* SquarePage */,
				8AB1E2051D378EC5006DF1DC /* ViewController.h */,
				8AB1E2061D378EC5006DF1DC /* ViewController.m */,
				8AB1E2361D37A56A006DF1DC /* Other */,
			);
			path = HXTransformer;
			sourceTree = "<group>";
		};
		8AB1E21F1D379EA8006DF1DC /* homePage */ = {
			isa = PBXGroup;
			children = (
				8AB1E22C1D37A253006DF1DC /* Maker */,
				8AB1E2291D37A253006DF1DC /* Conrollers */,
				8AB1E22F1D37A253006DF1DC /* Models */,
				8AB1E2301D37A253006DF1DC /* Views */,
			);
			path = homePage;
			sourceTree = "<group>";
		};
		8AB1E2201D379EA8006DF1DC /* MessagePage */ = {
			isa = PBXGroup;
			children = (
			);
			path = MessagePage;
			sourceTree = "<group>";
		};
		8AB1E2211D379EA8006DF1DC /* MinePage */ = {
			isa = PBXGroup;
			children = (
			);
			path = MinePage;
			sourceTree = "<group>";
		};
		8AB1E2221D379EA8006DF1DC /* SquarePage */ = {
			isa = PBXGroup;
			children = (
			);
			path = SquarePage;
			sourceTree = "<group>";
		};
		8AB1E2291D37A253006DF1DC /* Conrollers */ = {
			isa = PBXGroup;
			children = (
				8AB1E22A1D37A253006DF1DC /* HXViewController_home.h */,
				8AB1E22B1D37A253006DF1DC /* HXViewController_home.m */,
			);
			path = Conrollers;
			sourceTree = "<group>";
		};
		8AB1E22C1D37A253006DF1DC /* Maker */ = {
			isa = PBXGroup;
			children = (
				8AB1E22D1D37A253006DF1DC /* HXMaker_home.h */,
				8AB1E22E1D37A253006DF1DC /* HXMaker_home.m */,
				8AB1E2331D37A27C006DF1DC /* HXTransformer+HomePage.h */,
				8AB1E2341D37A27C006DF1DC /* HXTransformer+HomePage.m */,
			);
			path = Maker;
			sourceTree = "<group>";
		};
		8AB1E22F1D37A253006DF1DC /* Models */ = {
			isa = PBXGroup;
			children = (
			);
			path = Models;
			sourceTree = "<group>";
		};
		8AB1E2301D37A253006DF1DC /* Views */ = {
			isa = PBXGroup;
			children = (
			);
			path = Views;
			sourceTree = "<group>";
		};
		8AB1E2361D37A56A006DF1DC /* Other */ = {
			isa = PBXGroup;
			children = (
				8AA4D9161D51F81E003FE028 /* AFNetworking */,
				8AB1E2371D37A56A006DF1DC /* AppDelegate.h */,
				8AB1E2381D37A56A006DF1DC /* AppDelegate.m */,
				8AB1E2391D37A56A006DF1DC /* Assets.xcassets */,
				8AB1E23A1D37A56A006DF1DC /* LaunchScreen.storyboard */,
				8AB1E23C1D37A56A006DF1DC /* Main.storyboard */,
				8AB1E23E1D37A56A006DF1DC /* Info.plist */,
				8AB1E23F1D37A56A006DF1DC /* main.m */,
			);
			path = Other;
			sourceTree = "<group>";
		};
		8AB1E2461D37A5CC006DF1DC /* GobelTransformer */ = {
			isa = PBXGroup;
			children = (
				8AB1E2471D37A5CC006DF1DC /* HXTransformer.h */,
				8AB1E2481D37A5CC006DF1DC /* HXTransformer.m */,
			);
			path = GobelTransformer;
			sourceTree = "<group>";
		};
		8AB54AF81D92318C00D1BDE0 /* UsefulDefines */ = {
			isa = PBXGroup;
			children = (
				8AB54AF91D9233C200D1BDE0 /* UsefulDefines.h */,
			);
			path = UsefulDefines;
			sourceTree = "<group>";
		};
		8AB54AFA1D92365200D1BDE0 /* DeviceInformation */ = {
			isa = PBXGroup;
			children = (
				8AB54B031D92369D00D1BDE0 /* Reachability */,
				8AB54AFB1D92365A00D1BDE0 /* BTDeviceInfo.h */,
				8AB54AFC1D92365A00D1BDE0 /* BTDeviceInfo.m */,
			);
			path = DeviceInformation;
			sourceTree = "<group>";
		};
		8AB54B031D92369D00D1BDE0 /* Reachability */ = {
			isa = PBXGroup;
			children = (
				8AB54B041D92369D00D1BDE0 /* Reachability.h */,
				8AB54B051D92369D00D1BDE0 /* Reachability.m */,
			);
			path = Reachability;
			sourceTree = "<group>";
		};
/* End PBXGroup section */

/* Begin PBXNativeTarget section */
		8AB1E1FB1D378EC5006DF1DC /* HXTransformer */ = {
			isa = PBXNativeTarget;
			buildConfigurationList = 8AB1E2131D378EC5006DF1DC /* Build configuration list for PBXNativeTarget "HXTransformer" */;
			buildPhases = (
				8AB1E1F81D378EC5006DF1DC /* Sources */,
				8AB1E1F91D378EC5006DF1DC /* Frameworks */,
				8AB1E1FA1D378EC5006DF1DC /* Resources */,
			);
			buildRules = (
			);
			dependencies = (
			);
			name = HXTransformer;
			productName = HXTransformer;
			productReference = 8AB1E1FC1D378EC5006DF1DC /* HXTransformer.app */;
			productType = "com.apple.product-type.application";
		};
/* End PBXNativeTarget section */

/* Begin PBXProject section */
		8AB1E1F41D378EC5006DF1DC /* Project object */ = {
			isa = PBXProject;
			attributes = {
				CLASSPREFIX = HX;
				LastUpgradeCheck = 0730;
				ORGANIZATIONNAME = Babeltime;
				TargetAttributes = {
					8AB1E1FB1D378EC5006DF1DC = {
						CreatedOnToolsVersion = 7.3;
						DevelopmentTeam = 9YJS37L8WA;
					};
				};
			};
			buildConfigurationList = 8AB1E1F71D378EC5006DF1DC /* Build configuration list for PBXProject "HXTransformer" */;
			compatibilityVersion = "Xcode 3.2";
			developmentRegion = English;
			hasScannedForEncodings = 0;
			knownRegions = (
				en,
				Base,
			);
			mainGroup = 8AB1E1F31D378EC5006DF1DC;
			productRefGroup = 8AB1E1FD1D378EC5006DF1DC /* Products */;
			projectDirPath = "";
			projectRoot = "";
			targets = (
				8AB1E1FB1D378EC5006DF1DC /* HXTransformer */,
			);
		};
/* End PBXProject section */

/* Begin PBXResourcesBuildPhase section */
		8AB1E1FA1D378EC5006DF1DC /* Resources */ = {
			isa = PBXResourcesBuildPhase;
			buildActionMask = 2147483647;
			files = (
				8AB1E2441D37A56A006DF1DC /* Info.plist in Resources */,
				8AB1E2431D37A56A006DF1DC /* Main.storyboard in Resources */,
				8AB1E2411D37A56A006DF1DC /* Assets.xcassets in Resources */,
				8AB1E2421D37A56A006DF1DC /* LaunchScreen.storyboard in Resources */,
			);
			runOnlyForDeploymentPostprocessing = 0;
		};
/* End PBXResourcesBuildPhase section */

/* Begin PBXSourcesBuildPhase section */
		8AB1E1F81D378EC5006DF1DC /* Sources */ = {
			isa = PBXSourcesBuildPhase;
			buildActionMask = 2147483647;
			files = (
				8AB1E2071D378EC5006DF1DC /* ViewController.m in Sources */,
				8AA4D9251D51F81E003FE028 /* AFNetworkReachabilityManager.m in Sources */,
				8AA4D93B1D51F860003FE028 /* HXAppInformation.m in Sources */,
				8AA4D93E1D51F860003FE028 /* HXUrlService.m in Sources */,
				8AB1E2311D37A253006DF1DC /* HXViewController_home.m in Sources */,
				8AB1E2321D37A253006DF1DC /* HXMaker_home.m in Sources */,
				8AB1E2351D37A27C006DF1DC /* HXTransformer+HomePage.m in Sources */,
				8AB1E2491D37A5CC006DF1DC /* HXTransformer.m in Sources */,
				8AA4D93C1D51F860003FE028 /* HXHttpResInterFace.m in Sources */,
				8AA4D9401D51F860003FE028 /* HXResponsResult.m in Sources */,
				8AA4D9261D51F81E003FE028 /* AFSecurityPolicy.m in Sources */,
				8AB54AFD1D92365A00D1BDE0 /* BTDeviceInfo.m in Sources */,
				8AA4D9271D51F81E003FE028 /* AFURLRequestSerialization.m in Sources */,
				8AB1E2451D37A56A006DF1DC /* main.m in Sources */,
				8AB1E2401D37A56A006DF1DC /* AppDelegate.m in Sources */,
				8AB54B081D92369D00D1BDE0 /* Reachability.m in Sources */,
				8AA4D9281D51F81E003FE028 /* AFURLResponseSerialization.m in Sources */,
				8AA4D9291D51F81E003FE028 /* AFURLSessionManager.m in Sources */,
				8AA4D93D1D51F860003FE028 /* HXApiManager.m in Sources */,
				8AA4D93F1D51F860003FE028 /* HXParamsSignature.m in Sources */,
				8AA4D9241D51F81E003FE028 /* AFHTTPSessionManager.m in Sources */,
			);
			runOnlyForDeploymentPostprocessing = 0;
		};
/* End PBXSourcesBuildPhase section */

/* Begin PBXVariantGroup section */
		8AB1E23A1D37A56A006DF1DC /* LaunchScreen.storyboard */ = {
			isa = PBXVariantGroup;
			children = (
				8AB1E23B1D37A56A006DF1DC /* Base */,
			);
			name = LaunchScreen.storyboard;
			sourceTree = "<group>";
		};
		8AB1E23C1D37A56A006DF1DC /* Main.storyboard */ = {
			isa = PBXVariantGroup;
			children = (
				8AB1E23D1D37A56A006DF1DC /* Base */,
			);
			name = Main.storyboard;
			sourceTree = "<group>";
		};
/* End PBXVariantGroup section */

/* Begin XCBuildConfiguration section */
		8AB1E2111D378EC5006DF1DC /* Debug */ = {
			isa = XCBuildConfiguration;
			buildSettings = {
				ALWAYS_SEARCH_USER_PATHS = NO;
				CLANG_ANALYZER_NONNULL = YES;
				CLANG_CXX_LANGUAGE_STANDARD = "gnu++0x";
				CLANG_CXX_LIBRARY = "libc++";
				CLANG_ENABLE_MODULES = YES;
				CLANG_ENABLE_OBJC_ARC = YES;
				CLANG_WARN_BOOL_CONVERSION = YES;
				CLANG_WARN_CONSTANT_CONVERSION = YES;
				CLANG_WARN_DIRECT_OBJC_ISA_USAGE = YES_ERROR;
				CLANG_WARN_EMPTY_BODY = YES;
				CLANG_WARN_ENUM_CONVERSION = YES;
				CLANG_WARN_INT_CONVERSION = YES;
				CLANG_WARN_OBJC_ROOT_CLASS = YES_ERROR;
				CLANG_WARN_UNREACHABLE_CODE = YES;
				CLANG_WARN__DUPLICATE_METHOD_MATCH = YES;
				"CODE_SIGN_IDENTITY[sdk=iphoneos*]" = "iPhone Developer";
				COPY_PHASE_STRIP = NO;
				DEBUG_INFORMATION_FORMAT = dwarf;
				ENABLE_STRICT_OBJC_MSGSEND = YES;
				ENABLE_TESTABILITY = YES;
				GCC_C_LANGUAGE_STANDARD = gnu99;
				GCC_DYNAMIC_NO_PIC = NO;
				GCC_NO_COMMON_BLOCKS = YES;
				GCC_OPTIMIZATION_LEVEL = 0;
				GCC_PREPROCESSOR_DEFINITIONS = (
					"DEBUG=1",
					"$(inherited)",
				);
				GCC_WARN_64_TO_32_BIT_CONVERSION = YES;
				GCC_WARN_ABOUT_RETURN_TYPE = YES_ERROR;
				GCC_WARN_UNDECLARED_SELECTOR = YES;
				GCC_WARN_UNINITIALIZED_AUTOS = YES_AGGRESSIVE;
				GCC_WARN_UNUSED_FUNCTION = YES;
				GCC_WARN_UNUSED_VARIABLE = YES;
				IPHONEOS_DEPLOYMENT_TARGET = 9.3;
				MTL_ENABLE_DEBUG_INFO = YES;
				ONLY_ACTIVE_ARCH = YES;
				SDKROOT = iphoneos;
				TARGETED_DEVICE_FAMILY = "1,2";
			};
			name = Debug;
		};
		8AB1E2121D378EC5006DF1DC /* Release */ = {
			isa = XCBuildConfiguration;
			buildSettings = {
				ALWAYS_SEARCH_USER_PATHS = NO;
				CLANG_ANALYZER_NONNULL = YES;
				CLANG_CXX_LANGUAGE_STANDARD = "gnu++0x";
				CLANG_CXX_LIBRARY = "libc++";
				CLANG_ENABLE_MODULES = YES;
				CLANG_ENABLE_OBJC_ARC = YES;
				CLANG_WARN_BOOL_CONVERSION = YES;
				CLANG_WARN_CONSTANT_CONVERSION = YES;
				CLANG_WARN_DIRECT_OBJC_ISA_USAGE = YES_ERROR;
				CLANG_WARN_EMPTY_BODY = YES;
				CLANG_WARN_ENUM_CONVERSION = YES;
				CLANG_WARN_INT_CONVERSION = YES;
				CLANG_WARN_OBJC_ROOT_CLASS = YES_ERROR;
				CLANG_WARN_UNREACHABLE_CODE = YES;
				CLANG_WARN__DUPLICATE_METHOD_MATCH = YES;
				"CODE_SIGN_IDENTITY[sdk=iphoneos*]" = "iPhone Developer";
				COPY_PHASE_STRIP = NO;
				DEBUG_INFORMATION_FORMAT = "dwarf-with-dsym";
				ENABLE_NS_ASSERTIONS = NO;
				ENABLE_STRICT_OBJC_MSGSEND = YES;
				GCC_C_LANGUAGE_STANDARD = gnu99;
				GCC_NO_COMMON_BLOCKS = YES;
				GCC_WARN_64_TO_32_BIT_CONVERSION = YES;
				GCC_WARN_ABOUT_RETURN_TYPE = YES_ERROR;
				GCC_WARN_UNDECLARED_SELECTOR = YES;
				GCC_WARN_UNINITIALIZED_AUTOS = YES_AGGRESSIVE;
				GCC_WARN_UNUSED_FUNCTION = YES;
				GCC_WARN_UNUSED_VARIABLE = YES;
				IPHONEOS_DEPLOYMENT_TARGET = 9.3;
				MTL_ENABLE_DEBUG_INFO = NO;
				SDKROOT = iphoneos;
				TARGETED_DEVICE_FAMILY = "1,2";
				VALIDATE_PRODUCT = YES;
			};
			name = Release;
		};
		8AB1E2141D378EC5006DF1DC /* Debug */ = {
			isa = XCBuildConfiguration;
			buildSettings = {
				ASSETCATALOG_COMPILER_APPICON_NAME = AppIcon;
				ENABLE_BITCODE = NO;
				INFOPLIST_FILE = HXTransformer/Other/Info.plist;
				IPHONEOS_DEPLOYMENT_TARGET = 7.0;
				LD_RUNPATH_SEARCH_PATHS = "$(inherited) @executable_path/Frameworks";
				PRODUCT_BUNDLE_IDENTIFIER = com.babeltime.HXTransformer;
				PRODUCT_NAME = "$(TARGET_NAME)";
			};
			name = Debug;
		};
		8AB1E2151D378EC5006DF1DC /* Release */ = {
			isa = XCBuildConfiguration;
			buildSettings = {
				ASSETCATALOG_COMPILER_APPICON_NAME = AppIcon;
				ENABLE_BITCODE = NO;
				INFOPLIST_FILE = HXTransformer/Other/Info.plist;
				IPHONEOS_DEPLOYMENT_TARGET = 7.0;
				LD_RUNPATH_SEARCH_PATHS = "$(inherited) @executable_path/Frameworks";
				PRODUCT_BUNDLE_IDENTIFIER = com.babeltime.HXTransformer;
				PRODUCT_NAME = "$(TARGET_NAME)";
			};
			name = Release;
		};
/* End XCBuildConfiguration section */

/* Begin XCConfigurationList section */
		8AB1E1F71D378EC5006DF1DC /* Build configuration list for PBXProject "HXTransformer" */ = {
			isa = XCConfigurationList;
			buildConfigurations = (
				8AB1E2111D378EC5006DF1DC /* Debug */,
				8AB1E2121D378EC5006DF1DC /* Release */,
			);
			defaultConfigurationIsVisible = 0;
			defaultConfigurationName = Release;
		};
		8AB1E2131D378EC5006DF1DC /* Build configuration list for PBXNativeTarget "HXTransformer" */ = {
			isa = XCConfigurationList;
			buildConfigurations = (
				8AB1E2141D378EC5006DF1DC /* Debug */,
				8AB1E2151D378EC5006DF1DC /* Release */,
			);
			defaultConfigurationIsVisible = 0;
			defaultConfigurationName = Release;
		};
/* End XCConfigurationList section */
	};
	rootObject = 8AB1E1F41D378EC5006DF1DC /* Project object */;
}
